{
    "_readme": [
        "This file locks the dependencies of your project to a known state",
        "Read more about it at https://getcomposer.org/doc/01-basic-usage.md#composer-lock-the-lock-file",
        "This file is @generated automatically"
    ],
    "hash": "ec64c537dd3a8c94b9bfc5ea42ffb260",
    "content-hash": "e8ecd19354ddb90097e404bca439332b",
    "packages": [
        {
            "name": "kore/data-object",
            "version": "1.1",
            "source": {
                "type": "git",
                "url": "https://github.com/kore/DataObject.git",
                "reference": "d460aa076b3fd227cc64c66a92b7f769ab0464ce"
            },
            "dist": {
                "type": "zip",
                "url": "https://api.github.com/repos/kore/DataObject/zipball/d460aa076b3fd227cc64c66a92b7f769ab0464ce",
                "reference": "d460aa076b3fd227cc64c66a92b7f769ab0464ce",
                "shasum": ""
            },
            "require-dev": {
                "pdepend/pdepend": "@stable",
                "phpmd/phpmd": "@stable",
                "phpunit/phpunit": "@stable",
                "sebastian/phpcpd": "@stable",
                "squizlabs/php_codesniffer": "@stable"
            },
            "type": "library",
            "autoload": {
                "psr-0": {
                    "Kore": "src/"
                }
            },
            "notification-url": "https://packagist.org/downloads/",
            "license": [
                "MIT"
            ],
            "description": "Simple base class for data objects.",
            "time": "2014-06-24 08:26:49"
        }
    ],
    "packages-dev": [],
    "aliases": [],
    "minimum-stability": "stable",
    "stability-flags": [],
    "prefer-stable": false,
    "prefer-lowest": false,
    "platform": [],
    "platform-dev": []
}
